
Microsoft Visual Studio Solution File, Format Version 12.00
# Visual Studio 15
VisualStudioVersion = 15.0.27130.2027
MinimumVisualStudioVersion = 10.0.40219.1
Project("{FAE04EC0-301F-11D3-BF4B-00C04F79EFBC}") = "Day7-OO", "Day7-OO\Day7-OO.csproj", "{9FC460F9-B3E3-4143-83B9-B57330716210}"
EndProject
Project("{FAE04EC0-301F-11D3-BF4B-00C04F79EFBC}") = "Day8", "Day8\Day8.csproj", "{060BAD25-0445-49BA-9957-116A77648B89}"
EndProject
Project("{FAE04EC0-301F-11D3-BF4B-00C04F79EFBC}") = "Day 9", "Day 9\Day 9.csproj", "{188064CA-98B5-44F3-95DE-15839DE5E173}"
EndProject
Project("{FAE04EC0-301F-11D3-BF4B-00C04F79EFBC}") = "Day 10", "Day 10\Day 10.csproj", "{A2671CE9-4164-4458-953C-F2DA86F253B0}"
EndProject
Project("{FAE04EC0-301F-11D3-BF4B-00C04F79EFBC}") = "Day11", "Day11\Day11.csproj", "{A48819C5-AE4A-4C6D-AAF5-64D5568E364C}"
EndProject
Project("{FAE04EC0-301F-11D3-BF4B-00C04F79EFBC}") = "LIB", "LIB\LIB.csproj", "{D3226A3E-842C-446F-8A23-ABB447CB03D0}"
EndProject
Global
	GlobalSection(SolutionConfigurationPlatforms) = preSolution
		Debug|Any CPU = Debug|Any CPU
		Release|Any CPU = Release|Any CPU
	EndGlobalSection
	GlobalSection(ProjectConfigurationPlatforms) = postSolution
		{9FC460F9-B3E3-4143-83B9-B57330716210}.Debug|Any CPU.ActiveCfg = Debug|Any CPU
		{9FC460F9-B3E3-4143-83B9-B57330716210}.Debug|Any CPU.Build.0 = Debug|Any CPU
		{9FC460F9-B3E3-4143-83B9-B57330716210}.Release|Any CPU.ActiveCfg = Release|Any CPU
		{9FC460F9-B3E3-4143-83B9-B57330716210}.Release|Any CPU.Build.0 = Release|Any CPU
		{060BAD25-0445-49BA-9957-116A77648B89}.Debug|Any CPU.ActiveCfg = Debug|Any CPU
		{060BAD25-0445-49BA-9957-116A77648B89}.Debug|Any CPU.Build.0 = Debug|Any CPU
		{060BAD25-0445-49BA-9957-116A77648B89}.Release|Any CPU.ActiveCfg = Release|Any CPU
		{060BAD25-0445-49BA-9957-116A77648B89}.Release|Any CPU.Build.0 = Release|Any CPU
		{188064CA-98B5-44F3-95DE-15839DE5E173}.Debug|Any CPU.ActiveCfg = Debug|Any CPU
		{188064CA-98B5-44F3-95DE-15839DE5E173}.Debug|Any CPU.Build.0 = Debug|Any CPU
		{188064CA-98B5-44F3-95DE-15839DE5E173}.Release|Any CPU.ActiveCfg = Release|Any CPU
		{188064CA-98B5-44F3-95DE-15839DE5E173}.Release|Any CPU.Build.0 = Release|Any CPU
		{A2671CE9-4164-4458-953C-F2DA86F253B0}.Debug|Any CPU.ActiveCfg = Debug|Any CPU
		{A2671CE9-4164-4458-953C-F2DA86F253B0}.Debug|Any CPU.Build.0 = Debug|Any CPU
		{A2671CE9-4164-4458-953C-F2DA86F253B0}.Release|Any CPU.ActiveCfg = Release|Any CPU
		{A2671CE9-4164-4458-953C-F2DA86F253B0}.Release|Any CPU.Build.0 = Release|Any CPU
		{A48819C5-AE4A-4C6D-AAF5-64D5568E364C}.Debug|Any CPU.ActiveCfg = Debug|Any CPU
		{A48819C5-AE4A-4C6D-AAF5-64D5568E364C}.Debug|Any CPU.Build.0 = Debug|Any CPU
		{A48819C5-AE4A-4C6D-AAF5-64D5568E364C}.Release|Any CPU.ActiveCfg = Release|Any CPU
		{A48819C5-AE4A-4C6D-AAF5-64D5568E364C}.Release|Any CPU.Build.0 = Release|Any CPU
		{D3226A3E-842C-446F-8A23-ABB447CB03D0}.Debug|Any CPU.ActiveCfg = Debug|Any CPU
		{D3226A3E-842C-446F-8A23-ABB447CB03D0}.Debug|Any CPU.Build.0 = Debug|Any CPU
		{D3226A3E-842C-446F-8A23-ABB447CB03D0}.Release|Any CPU.ActiveCfg = Release|Any CPU
		{D3226A3E-842C-446F-8A23-ABB447CB03D0}.Release|Any CPU.Build.0 = Release|Any CPU
	EndGlobalSection
	GlobalSection(SolutionProperties) = preSolution
		HideSolutionNode = FALSE
	EndGlobalSection
	GlobalSection(ExtensibilityGlobals) = postSolution
		SolutionGuid = {41D581A2-86B6-44D4-8935-281B5CF9D98C}
	EndGlobalSection
EndGlobal
